
Microsoft Visual Studio Solution File, Format Version 12.00
# Visual Studio Version 17
VisualStudioVersion = 17.3.32901.215
MinimumVisualStudioVersion = 10.0.40219.1
Project("{9A19103F-16F7-4668-BE54-9A1E7A4F7556}") = "PushingGame", "PushingGame\PushingGame.csproj", "{4B4E59AB-F82E-47A0-82EA-D807E7C068B8}"
EndProject
Project("{9A19103F-16F7-4668-BE54-9A1E7A4F7556}") = "PushingTest", "PushingTest\PushingTest.csproj", "{C63EC24A-B604-47D4-A221-EF3A19A14EE4}"
EndProject
Global
	GlobalSection(SolutionConfigurationPlatforms) = preSolution
		Debug|Any CPU = Debug|Any CPU
		Release|Any CPU = Release|Any CPU
	EndGlobalSection
	GlobalSection(ProjectConfigurationPlatforms) = postSolution
		{4B4E59AB-F82E-47A0-82EA-D807E7C068B8}.Debug|Any CPU.ActiveCfg = Debug|Any CPU
		{4B4E59AB-F82E-47A0-82EA-D807E7C068B8}.Debug|Any CPU.Build.0 = Debug|Any CPU
		{4B4E59AB-F82E-47A0-82EA-D807E7C068B8}.Release|Any CPU.ActiveCfg = Release|Any CPU
		{4B4E59AB-F82E-47A0-82EA-D807E7C068B8}.Release|Any CPU.Build.0 = Release|Any CPU
		{C63EC24A-B604-47D4-A221-EF3A19A14EE4}.Debug|Any CPU.ActiveCfg = Debug|Any CPU
		{C63EC24A-B604-47D4-A221-EF3A19A14EE4}.Debug|Any CPU.Build.0 = Debug|Any CPU
		{C63EC24A-B604-47D4-A221-EF3A19A14EE4}.Release|Any CPU.ActiveCfg = Release|Any CPU
		{C63EC24A-B604-47D4-A221-EF3A19A14EE4}.Release|Any CPU.Build.0 = Release|Any CPU
	EndGlobalSection
	GlobalSection(SolutionProperties) = preSolution
		HideSolutionNode = FALSE
	EndGlobalSection
	GlobalSection(ExtensibilityGlobals) = postSolution
		SolutionGuid = {3D98DA7A-16A0-48D2-9743-46AAB6010FF1}
	EndGlobalSection
EndGlobal
